
Microsoft Visual Studio Solution File, Format Version 12.00
# Visual Studio 15
VisualStudioVersion = 15.0.27004.2006
MinimumVisualStudioVersion = 10.0.40219.1
Project("{8BC9CEB8-8B4A-11D0-8D11-00A0C91BC942}") = "Taller 3.1.0 2017", "Taller 3.1.0 2017\Taller 3.1.0 2017.vcxproj", "{FFEA430F-4053-48A7-AA49-D833DAB6FCEF}"
EndProject
Global
	GlobalSection(SolutionConfigurationPlatforms) = preSolution
		Debug|x64 = Debug|x64
		Debug|x86 = Debug|x86
		Release|x64 = Release|x64
		Release|x86 = Release|x86
	EndGlobalSection
	GlobalSection(ProjectConfigurationPlatforms) = postSolution
		{FFEA430F-4053-48A7-AA49-D833DAB6FCEF}.Debug|x64.ActiveCfg = Debug|x64
		{FFEA430F-4053-48A7-AA49-D833DAB6FCEF}.Debug|x64.Build.0 = Debug|x64
		{FFEA430F-4053-48A7-AA49-D833DAB6FCEF}.Debug|x86.ActiveCfg = Debug|Win32
		{FFEA430F-4053-48A7-AA49-D833DAB6FCEF}.Debug|x86.Build.0 = Debug|Win32
		{FFEA430F-4053-48A7-AA49-D833DAB6FCEF}.Release|x64.ActiveCfg = Release|x64
		{FFEA430F-4053-48A7-AA49-D833DAB6FCEF}.Release|x64.Build.0 = Release|x64
		{FFEA430F-4053-48A7-AA49-D833DAB6FCEF}.Release|x86.ActiveCfg = Release|Win32
		{FFEA430F-4053-48A7-AA49-D833DAB6FCEF}.Release|x86.Build.0 = Release|Win32
	EndGlobalSection
	GlobalSection(SolutionProperties) = preSolution
		HideSolutionNode = FALSE
	EndGlobalSection
	GlobalSection(ExtensibilityGlobals) = postSolution
		SolutionGuid = {EF4FDA58-C1EB-4C02-887E-BDBCF80B026A}
	EndGlobalSection
EndGlobal
